{
  "name": "Landslide-Classifier",
  "lockfileVersion": 3,
  "requires": true,
  "packages": {
    "": {
      "dependencies": {
        "esri-leaflet": "^3.0.14",
        "leaflet": "^1.9.4"
      }
    },
    "node_modules/@terraformer/arcgis": {
      "version": "2.1.2",
      "resolved": "https://registry.npmjs.org/@terraformer/arcgis/-/arcgis-2.1.2.tgz",
      "integrity": "sha512-IvdfqehcNAUtKU1OFMKwPT8EvdKlVFZ7q7ZKzkIF8XzYZIVsZLuXuOS1UBdRh5u/o+X5Gax7jiZhD8U/4TV+Jw==",
      "dependencies": {
        "@terraformer/common": "^2.1.2"
      }
    },
    "node_modules/@terraformer/arcgis/node_modules/@terraformer/common": {
      "version": "2.1.2",
      "resolved": "https://registry.npmjs.org/@terraformer/common/-/common-2.1.2.tgz",
      "integrity": "sha512-cwPdTFzIpekZhZRrgDEkqLKNPoqbyCBQHiemaovnGIeUx0Pl336MY/eCxzJ5zXkrQLVo9zPalq/vYW5HnyKevQ=="
    },
    "node_modules/esri-leaflet": {
      "version": "3.0.14",
      "resolved": "https://registry.npmjs.org/esri-leaflet/-/esri-leaflet-3.0.14.tgz",
      "integrity": "sha512-mXUFWFkHbnLnFh3uYHJiZNoOOEK2Jwt0MVx4b5wC7qAt6X0e7dyLQoiWuy2XPGkhg1/RTR96Lz63QAm4HUVNbQ==",
      "dependencies": {
        "@terraformer/arcgis": "^2.1.0",
        "tiny-binary-search": "^1.0.3"
      },
      "peerDependencies": {
        "leaflet": "^1.0.0"
      }
    },
    "node_modules/leaflet": {
      "version": "1.9.4",
      "license": "BSD-2-Clause"
    },
    "node_modules/tiny-binary-search": {
      "version": "1.0.3",
      "resolved": "https://registry.npmjs.org/tiny-binary-search/-/tiny-binary-search-1.0.3.tgz",
      "integrity": "sha512-STSHX/L5nI9WTLv6wrzJbAPbO7OIISX83KFBh2GVbX1Uz/vgZOU/ANn/8iV6t35yMTpoPzzO+3OQid3mifE0CA=="
    }
  }
}
